Microsoft Visual Studio Solution File, Format Version 12.00
# Visual Studio Version 17
VisualStudioVersion = 17.10.35122.118
MinimumVisualStudioVersion = 10.0.40219.1
Project("{2150E333-8FDC-42A3-9474-1A3956D46DE8}") = "src", "src", "{0B78E6D2-AC4A-4397-BEBD-41B4B63E0E81}"
EndProject
Project("{2150E333-8FDC-42A3-9474-1A3956D46DE8}") = "MS_EF.API", "MS_EF.API", "{547FB9AD-4353-4DDA-A552-79EB8F9FC3F4}"
EndProject
Project("{9A19103F-16F7-4668-BE54-9A1E7A4F7556}") = "MS_EF.API", "MS_EF.API\MS_EF.API.csproj", "{7DFB9614-593B-43B9-ADD5-3FABA373FDA5}"
EndProject
Project("{2150E333-8FDC-42A3-9474-1A3956D46DE8}") = "MS_EF.Application", "MS_EF.Application", "{4E43D9A4-32C7-4C96-ABA5-43D59CF713E5}"
EndProject
Project("{2150E333-8FDC-42A3-9474-1A3956D46DE8}") = "MS_EF.Domain", "MS_EF.Domain", "{673BE21F-966A-46C4-BBCB-41EC79EDC8C2}"
EndProject
Project("{2150E333-8FDC-42A3-9474-1A3956D46DE8}") = "MS_EF.Dto", "MS_EF.Dto", "{6CD849F8-54DA-4ADD-ABF4-C8453C0BDE39}"
EndProject
Project("{2150E333-8FDC-42A3-9474-1A3956D46DE8}") = "MS_EF.Infrastructure", "MS_EF.Infrastructure", "{A0E33348-67CD-446D-BA9E-0E4A27F8CBDA}"
EndProject
Project("{9A19103F-16F7-4668-BE54-9A1E7A4F7556}") = "MS_EF.Infrastructure", "MS_EF.Infrastructure\MS_EF.Infrastructure.csproj", "{97873F28-1031-44A8-99D9-5D328AFB49B5}"
EndProject
Project("{2150E333-8FDC-42A3-9474-1A3956D46DE8}") = "MS_EF.Persistence", "MS_EF.Persistence", "{4D85A6E2-3D96-4EE3-845B-BF23879644C5}"
EndProject
Project("{9A19103F-16F7-4668-BE54-9A1E7A4F7556}") = "MS_EF.Domain.Entity", "MS_EF.Domain.Entity\MS_EF.Domain.Entity.csproj", "{191E7D90-480F-4C32-90FF-28F6EB8815B0}"
EndProject
Project("{9A19103F-16F7-4668-BE54-9A1E7A4F7556}") = "MS_EF.Domain.Interface", "MS_EF.Domain.Interface\MS_EF.Domain.Interface.csproj", "{061FAEB2-B241-426F-A365-86F68ED6DEE8}"
EndProject
Project("{9A19103F-16F7-4668-BE54-9A1E7A4F7556}") = "MS_EF.Persistence.EFCore", "MS_EF.Persistence.EFCore\MS_EF.Persistence.EFCore.csproj", "{FC0AE1D8-E975-43B3-97E3-6887E5B2101E}"
EndProject
Project("{9A19103F-16F7-4668-BE54-9A1E7A4F7556}") = "MS_EF.Application", "VENTA.Application\MS_EF.Application.csproj", "{A3EA251C-A32E-4815-AF24-64C9EF46BED0}"
EndProject
Project("{9A19103F-16F7-4668-BE54-9A1E7A4F7556}") = "MS_EF.Dto", "MS_EF.Dto\MS_EF.Dto.csproj", "{70DBEF42-47C7-4735-ABA8-B0F3F39D4CCE}"
EndProject
Project("{2150E333-8FDC-42A3-9474-1A3956D46DE8}") = "test", "test", "{BF6446A6-3700-4FB5-BB14-8C974D97AA99}"
EndProject
Project("{FAE04EC0-301F-11D3-BF4B-00C04F79EFBC}") = "MS_EF.Test", "MS_EF.Test\MS_EF.Test.csproj", "{625CC7FE-92F9-42FE-A378-3FC234DC4328}"
EndProject
Global
	GlobalSection(SolutionConfigurationPlatforms) = preSolution
		Debug|Any CPU = Debug|Any CPU
		Release|Any CPU = Release|Any CPU
	EndGlobalSection
	GlobalSection(ProjectConfigurationPlatforms) = postSolution
		{7DFB9614-593B-43B9-ADD5-3FABA373FDA5}.Debug|Any CPU.ActiveCfg = Debug|Any CPU
		{7DFB9614-593B-43B9-ADD5-3FABA373FDA5}.Debug|Any CPU.Build.0 = Debug|Any CPU
		{7DFB9614-593B-43B9-ADD5-3FABA373FDA5}.Release|Any CPU.ActiveCfg = Release|Any CPU
		{7DFB9614-593B-43B9-ADD5-3FABA373FDA5}.Release|Any CPU.Build.0 = Release|Any CPU
		{97873F28-1031-44A8-99D9-5D328AFB49B5}.Debug|Any CPU.ActiveCfg = Debug|Any CPU
		{97873F28-1031-44A8-99D9-5D328AFB49B5}.Debug|Any CPU.Build.0 = Debug|Any CPU
		{97873F28-1031-44A8-99D9-5D328AFB49B5}.Release|Any CPU.ActiveCfg = Release|Any CPU
		{97873F28-1031-44A8-99D9-5D328AFB49B5}.Release|Any CPU.Build.0 = Release|Any CPU
		{191E7D90-480F-4C32-90FF-28F6EB8815B0}.Debug|Any CPU.ActiveCfg = Debug|Any CPU
		{191E7D90-480F-4C32-90FF-28F6EB8815B0}.Debug|Any CPU.Build.0 = Debug|Any CPU
		{191E7D90-480F-4C32-90FF-28F6EB8815B0}.Release|Any CPU.ActiveCfg = Release|Any CPU
		{191E7D90-480F-4C32-90FF-28F6EB8815B0}.Release|Any CPU.Build.0 = Release|Any CPU
		{061FAEB2-B241-426F-A365-86F68ED6DEE8}.Debug|Any CPU.ActiveCfg = Debug|Any CPU
		{061FAEB2-B241-426F-A365-86F68ED6DEE8}.Debug|Any CPU.Build.0 = Debug|Any CPU
		{061FAEB2-B241-426F-A365-86F68ED6DEE8}.Release|Any CPU.ActiveCfg = Release|Any CPU
		{061FAEB2-B241-426F-A365-86F68ED6DEE8}.Release|Any CPU.Build.0 = Release|Any CPU
		{FC0AE1D8-E975-43B3-97E3-6887E5B2101E}.Debug|Any CPU.ActiveCfg = Debug|Any CPU
		{FC0AE1D8-E975-43B3-97E3-6887E5B2101E}.Debug|Any CPU.Build.0 = Debug|Any CPU
		{FC0AE1D8-E975-43B3-97E3-6887E5B2101E}.Release|Any CPU.ActiveCfg = Release|Any CPU
		{FC0AE1D8-E975-43B3-97E3-6887E5B2101E}.Release|Any CPU.Build.0 = Release|Any CPU
		{A3EA251C-A32E-4815-AF24-64C9EF46BED0}.Debug|Any CPU.ActiveCfg = Debug|Any CPU
		{A3EA251C-A32E-4815-AF24-64C9EF46BED0}.Debug|Any CPU.Build.0 = Debug|Any CPU
		{A3EA251C-A32E-4815-AF24-64C9EF46BED0}.Release|Any CPU.ActiveCfg = Release|Any CPU
		{A3EA251C-A32E-4815-AF24-64C9EF46BED0}.Release|Any CPU.Build.0 = Release|Any CPU
		{70DBEF42-47C7-4735-ABA8-B0F3F39D4CCE}.Debug|Any CPU.ActiveCfg = Debug|Any CPU
		{70DBEF42-47C7-4735-ABA8-B0F3F39D4CCE}.Debug|Any CPU.Build.0 = Debug|Any CPU
		{70DBEF42-47C7-4735-ABA8-B0F3F39D4CCE}.Release|Any CPU.ActiveCfg = Release|Any CPU
		{70DBEF42-47C7-4735-ABA8-B0F3F39D4CCE}.Release|Any CPU.Build.0 = Release|Any CPU
		{625CC7FE-92F9-42FE-A378-3FC234DC4328}.Debug|Any CPU.ActiveCfg = Debug|Any CPU
		{625CC7FE-92F9-42FE-A378-3FC234DC4328}.Debug|Any CPU.Build.0 = Debug|Any CPU
		{625CC7FE-92F9-42FE-A378-3FC234DC4328}.Release|Any CPU.ActiveCfg = Release|Any CPU
		{625CC7FE-92F9-42FE-A378-3FC234DC4328}.Release|Any CPU.Build.0 = Release|Any CPU
	EndGlobalSection
	GlobalSection(SolutionProperties) = preSolution
		HideSolutionNode = FALSE
	EndGlobalSection
	GlobalSection(NestedProjects) = preSolution
		{547FB9AD-4353-4DDA-A552-79EB8F9FC3F4} = {0B78E6D2-AC4A-4397-BEBD-41B4B63E0E81}
		{7DFB9614-593B-43B9-ADD5-3FABA373FDA5} = {547FB9AD-4353-4DDA-A552-79EB8F9FC3F4}
		{4E43D9A4-32C7-4C96-ABA5-43D59CF713E5} = {0B78E6D2-AC4A-4397-BEBD-41B4B63E0E81}
		{673BE21F-966A-46C4-BBCB-41EC79EDC8C2} = {0B78E6D2-AC4A-4397-BEBD-41B4B63E0E81}
		{6CD849F8-54DA-4ADD-ABF4-C8453C0BDE39} = {0B78E6D2-AC4A-4397-BEBD-41B4B63E0E81}
		{A0E33348-67CD-446D-BA9E-0E4A27F8CBDA} = {0B78E6D2-AC4A-4397-BEBD-41B4B63E0E81}
		{97873F28-1031-44A8-99D9-5D328AFB49B5} = {A0E33348-67CD-446D-BA9E-0E4A27F8CBDA}
		{4D85A6E2-3D96-4EE3-845B-BF23879644C5} = {0B78E6D2-AC4A-4397-BEBD-41B4B63E0E81}
		{191E7D90-480F-4C32-90FF-28F6EB8815B0} = {673BE21F-966A-46C4-BBCB-41EC79EDC8C2}
		{061FAEB2-B241-426F-A365-86F68ED6DEE8} = {673BE21F-966A-46C4-BBCB-41EC79EDC8C2}
		{FC0AE1D8-E975-43B3-97E3-6887E5B2101E} = {4D85A6E2-3D96-4EE3-845B-BF23879644C5}
		{A3EA251C-A32E-4815-AF24-64C9EF46BED0} = {4E43D9A4-32C7-4C96-ABA5-43D59CF713E5}
		{70DBEF42-47C7-4735-ABA8-B0F3F39D4CCE} = {6CD849F8-54DA-4ADD-ABF4-C8453C0BDE39}
		{625CC7FE-92F9-42FE-A378-3FC234DC4328} = {BF6446A6-3700-4FB5-BB14-8C974D97AA99}
	EndGlobalSection
	GlobalSection(ExtensibilityGlobals) = postSolution
		SolutionGuid = {FEA16106-5E91-401E-A638-BF661C191620}
	EndGlobalSection
EndGlobal
